
Microsoft Visual Studio Solution File, Format Version 12.00
# Visual Studio Version 17
VisualStudioVersion = 17.0.31903.59
MinimumVisualStudioVersion = 10.0.40219.1
Project("{FAE04EC0-301F-11D3-BF4B-00C04F79EFBC}") = "projeto.domain", "projeto.domain\projeto.domain.csproj", "{7AF9CB8B-4FFC-4F1B-8ADC-DD9AC8C258EA}"
EndProject
Project("{FAE04EC0-301F-11D3-BF4B-00C04F79EFBC}") = "projeto.infra", "projeto.infra\projeto.infra.csproj", "{B74F6C2E-B58E-4F5E-9198-144094C25CFC}"
EndProject
Project("{FAE04EC0-301F-11D3-BF4B-00C04F79EFBC}") = "projeto.service", "projeto.service\projeto.service.csproj", "{FD7856B6-3683-4E9D-AFC6-146B86CF2F8D}"
EndProject
Project("{2150E333-8FDC-42A3-9474-1A3956D46DE8}") = "Tests", "Tests", "{13A63430-C642-4ED6-AE6C-8D80BA641B2D}"
EndProject
Project("{FAE04EC0-301F-11D3-BF4B-00C04F79EFBC}") = "projeto.benchmark", "Tests\projeto.benchmark\projeto.benchmark.csproj", "{C0DD9136-6B55-452A-8009-697AEFD91E4D}"
EndProject
Project("{FAE04EC0-301F-11D3-BF4B-00C04F79EFBC}") = "projeto.service.tests", "Tests\projeto.service.tests\projeto.service.tests.csproj", "{662F6969-CB33-4735-8C50-AC4B6A24C1D7}"
EndProject
Global
	GlobalSection(SolutionConfigurationPlatforms) = preSolution
		Debug|Any CPU = Debug|Any CPU
		Release|Any CPU = Release|Any CPU
	EndGlobalSection
	GlobalSection(SolutionProperties) = preSolution
		HideSolutionNode = FALSE
	EndGlobalSection
	GlobalSection(ProjectConfigurationPlatforms) = postSolution
		{7AF9CB8B-4FFC-4F1B-8ADC-DD9AC8C258EA}.Debug|Any CPU.ActiveCfg = Debug|Any CPU
		{7AF9CB8B-4FFC-4F1B-8ADC-DD9AC8C258EA}.Debug|Any CPU.Build.0 = Debug|Any CPU
		{7AF9CB8B-4FFC-4F1B-8ADC-DD9AC8C258EA}.Release|Any CPU.ActiveCfg = Release|Any CPU
		{7AF9CB8B-4FFC-4F1B-8ADC-DD9AC8C258EA}.Release|Any CPU.Build.0 = Release|Any CPU
		{B74F6C2E-B58E-4F5E-9198-144094C25CFC}.Debug|Any CPU.ActiveCfg = Debug|Any CPU
		{B74F6C2E-B58E-4F5E-9198-144094C25CFC}.Debug|Any CPU.Build.0 = Debug|Any CPU
		{B74F6C2E-B58E-4F5E-9198-144094C25CFC}.Release|Any CPU.ActiveCfg = Release|Any CPU
		{B74F6C2E-B58E-4F5E-9198-144094C25CFC}.Release|Any CPU.Build.0 = Release|Any CPU
		{FD7856B6-3683-4E9D-AFC6-146B86CF2F8D}.Debug|Any CPU.ActiveCfg = Debug|Any CPU
		{FD7856B6-3683-4E9D-AFC6-146B86CF2F8D}.Debug|Any CPU.Build.0 = Debug|Any CPU
		{FD7856B6-3683-4E9D-AFC6-146B86CF2F8D}.Release|Any CPU.ActiveCfg = Release|Any CPU
		{FD7856B6-3683-4E9D-AFC6-146B86CF2F8D}.Release|Any CPU.Build.0 = Release|Any CPU
		{C0DD9136-6B55-452A-8009-697AEFD91E4D}.Debug|Any CPU.ActiveCfg = Debug|Any CPU
		{C0DD9136-6B55-452A-8009-697AEFD91E4D}.Debug|Any CPU.Build.0 = Debug|Any CPU
		{C0DD9136-6B55-452A-8009-697AEFD91E4D}.Release|Any CPU.ActiveCfg = Release|Any CPU
		{C0DD9136-6B55-452A-8009-697AEFD91E4D}.Release|Any CPU.Build.0 = Release|Any CPU
		{662F6969-CB33-4735-8C50-AC4B6A24C1D7}.Debug|Any CPU.ActiveCfg = Debug|Any CPU
		{662F6969-CB33-4735-8C50-AC4B6A24C1D7}.Debug|Any CPU.Build.0 = Debug|Any CPU
		{662F6969-CB33-4735-8C50-AC4B6A24C1D7}.Release|Any CPU.ActiveCfg = Release|Any CPU
		{662F6969-CB33-4735-8C50-AC4B6A24C1D7}.Release|Any CPU.Build.0 = Release|Any CPU
	EndGlobalSection
	GlobalSection(NestedProjects) = preSolution
		{C0DD9136-6B55-452A-8009-697AEFD91E4D} = {13A63430-C642-4ED6-AE6C-8D80BA641B2D}
		{662F6969-CB33-4735-8C50-AC4B6A24C1D7} = {13A63430-C642-4ED6-AE6C-8D80BA641B2D}
	EndGlobalSection
EndGlobal
