
Microsoft Visual Studio Solution File, Format Version 12.00
# Visual Studio Version 17
VisualStudioVersion = 17.0.31903.59
MinimumVisualStudioVersion = 10.0.40219.1
Project("{2150E333-8FDC-42A3-9474-1A3956D46DE8}") = "Tests", "Tests", "{ED6CEFF8-DDCD-4E05-A615-230D1700937B}"
EndProject
Project("{FAE04EC0-301F-11D3-BF4B-00C04F79EFBC}") = "DatabaseAdapterTest", "Tests\DatabaseAdapterTest\DatabaseAdapterTest.csproj", "{1CD72118-6AAA-4B8D-AB24-EDB66084ED58}"
EndProject
Project("{FAE04EC0-301F-11D3-BF4B-00C04F79EFBC}") = "RepositoryTest", "Tests\RepositoryTest\RepositoryTest.csproj", "{57A07180-CBE0-43F9-A600-DF15E06736A7}"
EndProject
Project("{2150E333-8FDC-42A3-9474-1A3956D46DE8}") = "src", "src", "{145F0691-3138-4BB5-8CCC-5A792D35C7E8}"
EndProject
Project("{FAE04EC0-301F-11D3-BF4B-00C04F79EFBC}") = "projeto.domain", "src\projeto.domain\projeto.domain.csproj", "{E06EA60D-FB3C-4B16-9C47-EC69F743FDE0}"
EndProject
Project("{FAE04EC0-301F-11D3-BF4B-00C04F79EFBC}") = "projeto.infra", "src\projeto.infra\projeto.infra.csproj", "{5C06222B-492A-416D-8FFD-C145CE40628C}"
EndProject
Project("{FAE04EC0-301F-11D3-BF4B-00C04F79EFBC}") = "projeto.service", "src\projeto.service\projeto.service.csproj", "{4A12AB3C-3021-4F34-BDB1-8A7D94A27C75}"
EndProject
Project("{2150E333-8FDC-42A3-9474-1A3956D46DE8}") = "Adapters", "Adapters", "{2EC718C4-FC93-4718-A74D-A85A8719BEC3}"
EndProject
Project("{FAE04EC0-301F-11D3-BF4B-00C04F79EFBC}") = "projeto.databaseAdapters", "Adapters\projeto.databaseAdapters\projeto.databaseAdapters.csproj", "{9FA4BD90-D7CC-4F84-8CE7-A75CBFBF4CBC}"
EndProject
Project("{FAE04EC0-301F-11D3-BF4B-00C04F79EFBC}") = "projeto.servicebusAdapter", "Adapters\projeto.servicebusAdapter\projeto.servicebusAdapter.csproj", "{AECBAFD4-F228-4FCC-97E9-2C731662D172}"
EndProject
Project("{2150E333-8FDC-42A3-9474-1A3956D46DE8}") = "Ports", "Ports", "{3949B24C-3621-423C-8AA5-A86F0977A35A}"
EndProject
Project("{FAE04EC0-301F-11D3-BF4B-00C04F79EFBC}") = "projeto.databasePort", "Ports\projeto.databasePort\projeto.databasePort.csproj", "{17498AC5-1B78-496E-BC3E-F1B4A4097A67}"
EndProject
Project("{FAE04EC0-301F-11D3-BF4B-00C04F79EFBC}") = "projeto.servicebusPort", "Ports\projeto.servicebusPort\projeto.servicebusPort.csproj", "{A3B38498-51A2-401C-BA50-D8F94C51CEE9}"
EndProject
Project("{FAE04EC0-301F-11D3-BF4B-00C04F79EFBC}") = "ValidatorsTests", "Tests\ValidatorsTests\ValidatorsTests.csproj", "{55A37D62-2DD8-4C59-9224-F915FE9B0DE5}"
EndProject
Project("{FAE04EC0-301F-11D3-BF4B-00C04F79EFBC}") = "Benchmark", "Benchmark\Benchmark.csproj", "{11C4DF42-15AA-4525-B6C6-21439E60EAEB}"
EndProject
Global
	GlobalSection(SolutionConfigurationPlatforms) = preSolution
		Debug|Any CPU = Debug|Any CPU
		Release|Any CPU = Release|Any CPU
	EndGlobalSection
	GlobalSection(SolutionProperties) = preSolution
		HideSolutionNode = FALSE
	EndGlobalSection
	GlobalSection(ProjectConfigurationPlatforms) = postSolution
		{1CD72118-6AAA-4B8D-AB24-EDB66084ED58}.Debug|Any CPU.ActiveCfg = Debug|Any CPU
		{1CD72118-6AAA-4B8D-AB24-EDB66084ED58}.Debug|Any CPU.Build.0 = Debug|Any CPU
		{1CD72118-6AAA-4B8D-AB24-EDB66084ED58}.Release|Any CPU.ActiveCfg = Release|Any CPU
		{1CD72118-6AAA-4B8D-AB24-EDB66084ED58}.Release|Any CPU.Build.0 = Release|Any CPU
		{57A07180-CBE0-43F9-A600-DF15E06736A7}.Debug|Any CPU.ActiveCfg = Debug|Any CPU
		{57A07180-CBE0-43F9-A600-DF15E06736A7}.Debug|Any CPU.Build.0 = Debug|Any CPU
		{57A07180-CBE0-43F9-A600-DF15E06736A7}.Release|Any CPU.ActiveCfg = Release|Any CPU
		{57A07180-CBE0-43F9-A600-DF15E06736A7}.Release|Any CPU.Build.0 = Release|Any CPU
		{E06EA60D-FB3C-4B16-9C47-EC69F743FDE0}.Debug|Any CPU.ActiveCfg = Debug|Any CPU
		{E06EA60D-FB3C-4B16-9C47-EC69F743FDE0}.Debug|Any CPU.Build.0 = Debug|Any CPU
		{E06EA60D-FB3C-4B16-9C47-EC69F743FDE0}.Release|Any CPU.ActiveCfg = Release|Any CPU
		{E06EA60D-FB3C-4B16-9C47-EC69F743FDE0}.Release|Any CPU.Build.0 = Release|Any CPU
		{5C06222B-492A-416D-8FFD-C145CE40628C}.Debug|Any CPU.ActiveCfg = Debug|Any CPU
		{5C06222B-492A-416D-8FFD-C145CE40628C}.Debug|Any CPU.Build.0 = Debug|Any CPU
		{5C06222B-492A-416D-8FFD-C145CE40628C}.Release|Any CPU.ActiveCfg = Release|Any CPU
		{5C06222B-492A-416D-8FFD-C145CE40628C}.Release|Any CPU.Build.0 = Release|Any CPU
		{4A12AB3C-3021-4F34-BDB1-8A7D94A27C75}.Debug|Any CPU.ActiveCfg = Debug|Any CPU
		{4A12AB3C-3021-4F34-BDB1-8A7D94A27C75}.Debug|Any CPU.Build.0 = Debug|Any CPU
		{4A12AB3C-3021-4F34-BDB1-8A7D94A27C75}.Release|Any CPU.ActiveCfg = Release|Any CPU
		{4A12AB3C-3021-4F34-BDB1-8A7D94A27C75}.Release|Any CPU.Build.0 = Release|Any CPU
		{9FA4BD90-D7CC-4F84-8CE7-A75CBFBF4CBC}.Debug|Any CPU.ActiveCfg = Debug|Any CPU
		{9FA4BD90-D7CC-4F84-8CE7-A75CBFBF4CBC}.Debug|Any CPU.Build.0 = Debug|Any CPU
		{9FA4BD90-D7CC-4F84-8CE7-A75CBFBF4CBC}.Release|Any CPU.ActiveCfg = Release|Any CPU
		{9FA4BD90-D7CC-4F84-8CE7-A75CBFBF4CBC}.Release|Any CPU.Build.0 = Release|Any CPU
		{AECBAFD4-F228-4FCC-97E9-2C731662D172}.Debug|Any CPU.ActiveCfg = Debug|Any CPU
		{AECBAFD4-F228-4FCC-97E9-2C731662D172}.Debug|Any CPU.Build.0 = Debug|Any CPU
		{AECBAFD4-F228-4FCC-97E9-2C731662D172}.Release|Any CPU.ActiveCfg = Release|Any CPU
		{AECBAFD4-F228-4FCC-97E9-2C731662D172}.Release|Any CPU.Build.0 = Release|Any CPU
		{17498AC5-1B78-496E-BC3E-F1B4A4097A67}.Debug|Any CPU.ActiveCfg = Debug|Any CPU
		{17498AC5-1B78-496E-BC3E-F1B4A4097A67}.Debug|Any CPU.Build.0 = Debug|Any CPU
		{17498AC5-1B78-496E-BC3E-F1B4A4097A67}.Release|Any CPU.ActiveCfg = Release|Any CPU
		{17498AC5-1B78-496E-BC3E-F1B4A4097A67}.Release|Any CPU.Build.0 = Release|Any CPU
		{A3B38498-51A2-401C-BA50-D8F94C51CEE9}.Debug|Any CPU.ActiveCfg = Debug|Any CPU
		{A3B38498-51A2-401C-BA50-D8F94C51CEE9}.Debug|Any CPU.Build.0 = Debug|Any CPU
		{A3B38498-51A2-401C-BA50-D8F94C51CEE9}.Release|Any CPU.ActiveCfg = Release|Any CPU
		{A3B38498-51A2-401C-BA50-D8F94C51CEE9}.Release|Any CPU.Build.0 = Release|Any CPU
		{55A37D62-2DD8-4C59-9224-F915FE9B0DE5}.Debug|Any CPU.ActiveCfg = Debug|Any CPU
		{55A37D62-2DD8-4C59-9224-F915FE9B0DE5}.Debug|Any CPU.Build.0 = Debug|Any CPU
		{55A37D62-2DD8-4C59-9224-F915FE9B0DE5}.Release|Any CPU.ActiveCfg = Release|Any CPU
		{55A37D62-2DD8-4C59-9224-F915FE9B0DE5}.Release|Any CPU.Build.0 = Release|Any CPU
		{11C4DF42-15AA-4525-B6C6-21439E60EAEB}.Debug|Any CPU.ActiveCfg = Debug|Any CPU
		{11C4DF42-15AA-4525-B6C6-21439E60EAEB}.Debug|Any CPU.Build.0 = Debug|Any CPU
		{11C4DF42-15AA-4525-B6C6-21439E60EAEB}.Release|Any CPU.ActiveCfg = Release|Any CPU
		{11C4DF42-15AA-4525-B6C6-21439E60EAEB}.Release|Any CPU.Build.0 = Release|Any CPU
	EndGlobalSection
	GlobalSection(NestedProjects) = preSolution
		{1CD72118-6AAA-4B8D-AB24-EDB66084ED58} = {ED6CEFF8-DDCD-4E05-A615-230D1700937B}
		{57A07180-CBE0-43F9-A600-DF15E06736A7} = {ED6CEFF8-DDCD-4E05-A615-230D1700937B}
		{E06EA60D-FB3C-4B16-9C47-EC69F743FDE0} = {145F0691-3138-4BB5-8CCC-5A792D35C7E8}
		{5C06222B-492A-416D-8FFD-C145CE40628C} = {145F0691-3138-4BB5-8CCC-5A792D35C7E8}
		{4A12AB3C-3021-4F34-BDB1-8A7D94A27C75} = {145F0691-3138-4BB5-8CCC-5A792D35C7E8}
		{9FA4BD90-D7CC-4F84-8CE7-A75CBFBF4CBC} = {2EC718C4-FC93-4718-A74D-A85A8719BEC3}
		{AECBAFD4-F228-4FCC-97E9-2C731662D172} = {2EC718C4-FC93-4718-A74D-A85A8719BEC3}
		{17498AC5-1B78-496E-BC3E-F1B4A4097A67} = {3949B24C-3621-423C-8AA5-A86F0977A35A}
		{A3B38498-51A2-401C-BA50-D8F94C51CEE9} = {3949B24C-3621-423C-8AA5-A86F0977A35A}
		{55A37D62-2DD8-4C59-9224-F915FE9B0DE5} = {ED6CEFF8-DDCD-4E05-A615-230D1700937B}
	EndGlobalSection
EndGlobal
