
Microsoft Visual Studio Solution File, Format Version 12.00
# Visual Studio Version 17
VisualStudioVersion = 17.0.31903.59
MinimumVisualStudioVersion = 10.0.40219.1
Project("{2150E333-8FDC-42A3-9474-1A3956D46DE8}") = "src", "src", "{06FC9427-0EA8-4B9A-BCF1-12C833A72AD9}"
EndProject
Project("{FAE04EC0-301F-11D3-BF4B-00C04F79EFBC}") = "projeto.domain", "src\projeto.domain\projeto.domain.csproj", "{9E9AADA6-76F4-4955-93CB-EF0D6FFF09B6}"
EndProject
Project("{FAE04EC0-301F-11D3-BF4B-00C04F79EFBC}") = "projeto.infra", "src\projeto.infra\projeto.infra.csproj", "{7720F467-B55F-411B-AD22-207EAE1F6C46}"
EndProject
Project("{FAE04EC0-301F-11D3-BF4B-00C04F79EFBC}") = "projeto.service", "src\projeto.service\projeto.service.csproj", "{B5281A97-4E19-4B19-931F-42B6F41CEFF5}"
EndProject
Project("{2150E333-8FDC-42A3-9474-1A3956D46DE8}") = "Ports", "Ports", "{E58A1D68-9980-4A97-B3BE-7A90883440DB}"
EndProject
Project("{FAE04EC0-301F-11D3-BF4B-00C04F79EFBC}") = "projeto.databasePort", "Ports\projeto.databasePort\projeto.databasePort.csproj", "{A72F9C2E-9497-4427-9640-B13FD298601B}"
EndProject
Project("{FAE04EC0-301F-11D3-BF4B-00C04F79EFBC}") = "projeto.servicebusPort", "Ports\projeto.servicebusPort\projeto.servicebusPort.csproj", "{0D5025C1-40FF-451C-8B72-3AB4B0DBD134}"
EndProject
Project("{2150E333-8FDC-42A3-9474-1A3956D46DE8}") = "Adapters", "Adapters", "{3153204F-27D5-4E2A-A308-275D6F6ED8B1}"
EndProject
Project("{FAE04EC0-301F-11D3-BF4B-00C04F79EFBC}") = "projeto.databaseAdapters", "Adapters\projeto.databaseAdapters\projeto.databaseAdapters.csproj", "{1B56B5E1-5E39-4F0B-AEB7-B9DA6D0830A2}"
EndProject
Project("{FAE04EC0-301F-11D3-BF4B-00C04F79EFBC}") = "projeto.servicebusAdapter", "Adapters\projeto.servicebusAdapter\projeto.servicebusAdapter.csproj", "{029B3B7E-A9D7-405F-9CA1-15EE90FF40B5}"
EndProject
Global
	GlobalSection(SolutionConfigurationPlatforms) = preSolution
		Debug|Any CPU = Debug|Any CPU
		Release|Any CPU = Release|Any CPU
	EndGlobalSection
	GlobalSection(SolutionProperties) = preSolution
		HideSolutionNode = FALSE
	EndGlobalSection
	GlobalSection(ProjectConfigurationPlatforms) = postSolution
		{9E9AADA6-76F4-4955-93CB-EF0D6FFF09B6}.Debug|Any CPU.ActiveCfg = Debug|Any CPU
		{9E9AADA6-76F4-4955-93CB-EF0D6FFF09B6}.Debug|Any CPU.Build.0 = Debug|Any CPU
		{9E9AADA6-76F4-4955-93CB-EF0D6FFF09B6}.Release|Any CPU.ActiveCfg = Release|Any CPU
		{9E9AADA6-76F4-4955-93CB-EF0D6FFF09B6}.Release|Any CPU.Build.0 = Release|Any CPU
		{7720F467-B55F-411B-AD22-207EAE1F6C46}.Debug|Any CPU.ActiveCfg = Debug|Any CPU
		{7720F467-B55F-411B-AD22-207EAE1F6C46}.Debug|Any CPU.Build.0 = Debug|Any CPU
		{7720F467-B55F-411B-AD22-207EAE1F6C46}.Release|Any CPU.ActiveCfg = Release|Any CPU
		{7720F467-B55F-411B-AD22-207EAE1F6C46}.Release|Any CPU.Build.0 = Release|Any CPU
		{B5281A97-4E19-4B19-931F-42B6F41CEFF5}.Debug|Any CPU.ActiveCfg = Debug|Any CPU
		{B5281A97-4E19-4B19-931F-42B6F41CEFF5}.Debug|Any CPU.Build.0 = Debug|Any CPU
		{B5281A97-4E19-4B19-931F-42B6F41CEFF5}.Release|Any CPU.ActiveCfg = Release|Any CPU
		{B5281A97-4E19-4B19-931F-42B6F41CEFF5}.Release|Any CPU.Build.0 = Release|Any CPU
		{A72F9C2E-9497-4427-9640-B13FD298601B}.Debug|Any CPU.ActiveCfg = Debug|Any CPU
		{A72F9C2E-9497-4427-9640-B13FD298601B}.Debug|Any CPU.Build.0 = Debug|Any CPU
		{A72F9C2E-9497-4427-9640-B13FD298601B}.Release|Any CPU.ActiveCfg = Release|Any CPU
		{A72F9C2E-9497-4427-9640-B13FD298601B}.Release|Any CPU.Build.0 = Release|Any CPU
		{0D5025C1-40FF-451C-8B72-3AB4B0DBD134}.Debug|Any CPU.ActiveCfg = Debug|Any CPU
		{0D5025C1-40FF-451C-8B72-3AB4B0DBD134}.Debug|Any CPU.Build.0 = Debug|Any CPU
		{0D5025C1-40FF-451C-8B72-3AB4B0DBD134}.Release|Any CPU.ActiveCfg = Release|Any CPU
		{0D5025C1-40FF-451C-8B72-3AB4B0DBD134}.Release|Any CPU.Build.0 = Release|Any CPU
		{1B56B5E1-5E39-4F0B-AEB7-B9DA6D0830A2}.Debug|Any CPU.ActiveCfg = Debug|Any CPU
		{1B56B5E1-5E39-4F0B-AEB7-B9DA6D0830A2}.Debug|Any CPU.Build.0 = Debug|Any CPU
		{1B56B5E1-5E39-4F0B-AEB7-B9DA6D0830A2}.Release|Any CPU.ActiveCfg = Release|Any CPU
		{1B56B5E1-5E39-4F0B-AEB7-B9DA6D0830A2}.Release|Any CPU.Build.0 = Release|Any CPU
		{029B3B7E-A9D7-405F-9CA1-15EE90FF40B5}.Debug|Any CPU.ActiveCfg = Debug|Any CPU
		{029B3B7E-A9D7-405F-9CA1-15EE90FF40B5}.Debug|Any CPU.Build.0 = Debug|Any CPU
		{029B3B7E-A9D7-405F-9CA1-15EE90FF40B5}.Release|Any CPU.ActiveCfg = Release|Any CPU
		{029B3B7E-A9D7-405F-9CA1-15EE90FF40B5}.Release|Any CPU.Build.0 = Release|Any CPU
	EndGlobalSection
	GlobalSection(NestedProjects) = preSolution
		{9E9AADA6-76F4-4955-93CB-EF0D6FFF09B6} = {06FC9427-0EA8-4B9A-BCF1-12C833A72AD9}
		{7720F467-B55F-411B-AD22-207EAE1F6C46} = {06FC9427-0EA8-4B9A-BCF1-12C833A72AD9}
		{B5281A97-4E19-4B19-931F-42B6F41CEFF5} = {06FC9427-0EA8-4B9A-BCF1-12C833A72AD9}
		{A72F9C2E-9497-4427-9640-B13FD298601B} = {E58A1D68-9980-4A97-B3BE-7A90883440DB}
		{0D5025C1-40FF-451C-8B72-3AB4B0DBD134} = {E58A1D68-9980-4A97-B3BE-7A90883440DB}
		{1B56B5E1-5E39-4F0B-AEB7-B9DA6D0830A2} = {3153204F-27D5-4E2A-A308-275D6F6ED8B1}
		{029B3B7E-A9D7-405F-9CA1-15EE90FF40B5} = {3153204F-27D5-4E2A-A308-275D6F6ED8B1}
	EndGlobalSection
EndGlobal
